// !$*UTF8*$!
{
	archiveVersion = 1;
	classes = {
	};
	objectVersion = 56;
	objects = {

/* Begin PBXBuildFile section */
		920429372C3CAC2900A98BDD /* AppDelegate.swift in Sources */ = {isa = PBXBuildFile; fileRef = 920429362C3CAC2900A98BDD /* AppDelegate.swift */; };
		920429392C3CAC2900A98BDD /* SceneDelegate.swift in Sources */ = {isa = PBXBuildFile; fileRef = 920429382C3CAC2900A98BDD /* SceneDelegate.swift */; };
		9204293B2C3CAC2900A98BDD /* LoginViewController.swift in Sources */ = {isa = PBXBuildFile; fileRef = 9204293A2C3CAC2900A98BDD /* LoginViewController.swift */; };
		920429402C3CAC2A00A98BDD /* Assets.xcassets in Resources */ = {isa = PBXBuildFile; fileRef = 9204293F2C3CAC2A00A98BDD /* Assets.xcassets */; };
		920429432C3CAC2A00A98BDD /* LaunchScreen.storyboard in Resources */ = {isa = PBXBuildFile; fileRef = 920429412C3CAC2A00A98BDD /* LaunchScreen.storyboard */; };
		921278922C3CAF3A00D9C4E6 /* Bindable.swift in Sources */ = {isa = PBXBuildFile; fileRef = 921278912C3CAF3A00D9C4E6 /* Bindable.swift */; };
		921278942C3CAF5700D9C4E6 /* LoginViewModel.swift in Sources */ = {isa = PBXBuildFile; fileRef = 921278932C3CAF5700D9C4E6 /* LoginViewModel.swift */; };
		921278982C3CB3AA00D9C4E6 /* LoginView.swift in Sources */ = {isa = PBXBuildFile; fileRef = 921278972C3CB3AA00D9C4E6 /* LoginView.swift */; };
		929CB0542C3EBA69008200BE /* SignUpViewController.swift in Sources */ = {isa = PBXBuildFile; fileRef = 929CB0532C3EBA69008200BE /* SignUpViewController.swift */; };
		92A707622C3D88D10072F26D /* Extensions.swift in Sources */ = {isa = PBXBuildFile; fileRef = 92A707612C3D88D10072F26D /* Extensions.swift */; };
		92A707672C3D952E0072F26D /* User.swift in Sources */ = {isa = PBXBuildFile; fileRef = 92A707662C3D952E0072F26D /* User.swift */; };
		92AF69B92C46E76600AEF5BF /* SignUpView.swift in Sources */ = {isa = PBXBuildFile; fileRef = 92AF69B82C46E76600AEF5BF /* SignUpView.swift */; };
		92AF69BB2C46E9EC00AEF5BF /* SignUpViewModel.swift in Sources */ = {isa = PBXBuildFile; fileRef = 92AF69BA2C46E9EC00AEF5BF /* SignUpViewModel.swift */; };
/* End PBXBuildFile section */

/* Begin PBXFileReference section */
		920429332C3CAC2900A98BDD /* Login.app */ = {isa = PBXFileReference; explicitFileType = wrapper.application; includeInIndex = 0; path = Login.app; sourceTree = BUILT_PRODUCTS_DIR; };
		920429362C3CAC2900A98BDD /* AppDelegate.swift */ = {isa = PBXFileReference; lastKnownFileType = sourcecode.swift; path = AppDelegate.swift; sourceTree = "<group>"; };
		920429382C3CAC2900A98BDD /* SceneDelegate.swift */ = {isa = PBXFileReference; lastKnownFileType = sourcecode.swift; path = SceneDelegate.swift; sourceTree = "<group>"; };
		9204293A2C3CAC2900A98BDD /* LoginViewController.swift */ = {isa = PBXFileReference; lastKnownFileType = sourcecode.swift; path = LoginViewController.swift; sourceTree = "<group>"; };
		9204293F2C3CAC2A00A98BDD /* Assets.xcassets */ = {isa = PBXFileReference; lastKnownFileType = folder.assetcatalog; path = Assets.xcassets; sourceTree = "<group>"; };
		920429422C3CAC2A00A98BDD /* Base */ = {isa = PBXFileReference; lastKnownFileType = file.storyboard; name = Base; path = Base.lproj/LaunchScreen.storyboard; sourceTree = "<group>"; };
		920429442C3CAC2A00A98BDD /* Info.plist */ = {isa = PBXFileReference; lastKnownFileType = text.plist.xml; path = Info.plist; sourceTree = "<group>"; };
		921278912C3CAF3A00D9C4E6 /* Bindable.swift */ = {isa = PBXFileReference; lastKnownFileType = sourcecode.swift; path = Bindable.swift; sourceTree = "<group>"; };
		921278932C3CAF5700D9C4E6 /* LoginViewModel.swift */ = {isa = PBXFileReference; lastKnownFileType = sourcecode.swift; path = LoginViewModel.swift; sourceTree = "<group>"; };
		921278972C3CB3AA00D9C4E6 /* LoginView.swift */ = {isa = PBXFileReference; lastKnownFileType = sourcecode.swift; path = LoginView.swift; sourceTree = "<group>"; };
		929CB0532C3EBA69008200BE /* SignUpViewController.swift */ = {isa = PBXFileReference; lastKnownFileType = sourcecode.swift; path = SignUpViewController.swift; sourceTree = "<group>"; };
		92A707612C3D88D10072F26D /* Extensions.swift */ = {isa = PBXFileReference; lastKnownFileType = sourcecode.swift; path = Extensions.swift; sourceTree = "<group>"; };
		92A707662C3D952E0072F26D /* User.swift */ = {isa = PBXFileReference; lastKnownFileType = sourcecode.swift; path = User.swift; sourceTree = "<group>"; };
		92AF69B82C46E76600AEF5BF /* SignUpView.swift */ = {isa = PBXFileReference; lastKnownFileType = sourcecode.swift; path = SignUpView.swift; sourceTree = "<group>"; };
		92AF69BA2C46E9EC00AEF5BF /* SignUpViewModel.swift */ = {isa = PBXFileReference; lastKnownFileType = sourcecode.swift; path = SignUpViewModel.swift; sourceTree = "<group>"; };
/* End PBXFileReference section */

/* Begin PBXFrameworksBuildPhase section */
		920429302C3CAC2900A98BDD /* Frameworks */ = {
			isa = PBXFrameworksBuildPhase;
			buildActionMask = 2147483647;
			files = (
			);
			runOnlyForDeploymentPostprocessing = 0;
		};
/* End PBXFrameworksBuildPhase section */

/* Begin PBXGroup section */
		9204292A2C3CAC2900A98BDD = {
			isa = PBXGroup;
			children = (
				920429352C3CAC2900A98BDD /* Login */,
				920429342C3CAC2900A98BDD /* Products */,
			);
			sourceTree = "<group>";
		};
		920429342C3CAC2900A98BDD /* Products */ = {
			isa = PBXGroup;
			children = (
				920429332C3CAC2900A98BDD /* Login.app */,
			);
			name = Products;
			sourceTree = "<group>";
		};
		920429352C3CAC2900A98BDD /* Login */ = {
			isa = PBXGroup;
			children = (
				928C86762C3CAD87008AA51C /* Resources */,
				921278902C3CAF1C00D9C4E6 /* App */,
			);
			path = Login;
			sourceTree = "<group>";
		};
		921278902C3CAF1C00D9C4E6 /* App */ = {
			isa = PBXGroup;
			children = (
				92A707652C3D951F0072F26D /* Model */,
				921278962C3CB34200D9C4E6 /* Scenes */,
				921278952C3CB32D00D9C4E6 /* Utils */,
			);
			path = App;
			sourceTree = "<group>";
		};
		921278952C3CB32D00D9C4E6 /* Utils */ = {
			isa = PBXGroup;
			children = (
				921278912C3CAF3A00D9C4E6 /* Bindable.swift */,
				92A707612C3D88D10072F26D /* Extensions.swift */,
			);
			path = Utils;
			sourceTree = "<group>";
		};
		921278962C3CB34200D9C4E6 /* Scenes */ = {
			isa = PBXGroup;
			children = (
				92A707632C3D950B0072F26D /* Login */,
				92A707642C3D95110072F26D /* SignUp */,
			);
			path = Scenes;
			sourceTree = "<group>";
		};
		928C86762C3CAD87008AA51C /* Resources */ = {
			isa = PBXGroup;
			children = (
				920429362C3CAC2900A98BDD /* AppDelegate.swift */,
				920429382C3CAC2900A98BDD /* SceneDelegate.swift */,
				9204293F2C3CAC2A00A98BDD /* Assets.xcassets */,
				920429412C3CAC2A00A98BDD /* LaunchScreen.storyboard */,
				920429442C3CAC2A00A98BDD /* Info.plist */,
			);
			path = Resources;
			sourceTree = "<group>";
		};
		92A707632C3D950B0072F26D /* Login */ = {
			isa = PBXGroup;
			children = (
				9204293A2C3CAC2900A98BDD /* LoginViewController.swift */,
				921278972C3CB3AA00D9C4E6 /* LoginView.swift */,
				921278932C3CAF5700D9C4E6 /* LoginViewModel.swift */,
			);
			path = Login;
			sourceTree = "<group>";
		};
		92A707642C3D95110072F26D /* SignUp */ = {
			isa = PBXGroup;
			children = (
				929CB0532C3EBA69008200BE /* SignUpViewController.swift */,
				92AF69B82C46E76600AEF5BF /* SignUpView.swift */,
				92AF69BA2C46E9EC00AEF5BF /* SignUpViewModel.swift */,
			);
			path = SignUp;
			sourceTree = "<group>";
		};
		92A707652C3D951F0072F26D /* Model */ = {
			isa = PBXGroup;
			children = (
				92A707662C3D952E0072F26D /* User.swift */,
			);
			path = Model;
			sourceTree = "<group>";
		};
/* End PBXGroup section */

/* Begin PBXNativeTarget section */
		920429322C3CAC2900A98BDD /* Login */ = {
			isa = PBXNativeTarget;
			buildConfigurationList = 920429472C3CAC2A00A98BDD /* Build configuration list for PBXNativeTarget "Login" */;
			buildPhases = (
				9204292F2C3CAC2900A98BDD /* Sources */,
				920429302C3CAC2900A98BDD /* Frameworks */,
				920429312C3CAC2900A98BDD /* Resources */,
			);
			buildRules = (
			);
			dependencies = (
			);
			name = Login;
			productName = Login;
			productReference = 920429332C3CAC2900A98BDD /* Login.app */;
			productType = "com.apple.product-type.application";
		};
/* End PBXNativeTarget section */

/* Begin PBXProject section */
		9204292B2C3CAC2900A98BDD /* Project object */ = {
			isa = PBXProject;
			attributes = {
				BuildIndependentTargetsInParallel = 1;
				LastSwiftUpdateCheck = 1500;
				LastUpgradeCheck = 1500;
				TargetAttributes = {
					920429322C3CAC2900A98BDD = {
						CreatedOnToolsVersion = 15.0.1;
					};
				};
			};
			buildConfigurationList = 9204292E2C3CAC2900A98BDD /* Build configuration list for PBXProject "Login" */;
			compatibilityVersion = "Xcode 14.0";
			developmentRegion = en;
			hasScannedForEncodings = 0;
			knownRegions = (
				en,
				Base,
			);
			mainGroup = 9204292A2C3CAC2900A98BDD;
			productRefGroup = 920429342C3CAC2900A98BDD /* Products */;
			projectDirPath = "";
			projectRoot = "";
			targets = (
				920429322C3CAC2900A98BDD /* Login */,
			);
		};
/* End PBXProject section */

/* Begin PBXResourcesBuildPhase section */
		920429312C3CAC2900A98BDD /* Resources */ = {
			isa = PBXResourcesBuildPhase;
			buildActionMask = 2147483647;
			files = (
				920429432C3CAC2A00A98BDD /* LaunchScreen.storyboard in Resources */,
				920429402C3CAC2A00A98BDD /* Assets.xcassets in Resources */,
			);
			runOnlyForDeploymentPostprocessing = 0;
		};
/* End PBXResourcesBuildPhase section */

/* Begin PBXSourcesBuildPhase section */
		9204292F2C3CAC2900A98BDD /* Sources */ = {
			isa = PBXSourcesBuildPhase;
			buildActionMask = 2147483647;
			files = (
				921278982C3CB3AA00D9C4E6 /* LoginView.swift in Sources */,
				9204293B2C3CAC2900A98BDD /* LoginViewController.swift in Sources */,
				920429372C3CAC2900A98BDD /* AppDelegate.swift in Sources */,
				921278922C3CAF3A00D9C4E6 /* Bindable.swift in Sources */,
				92A707672C3D952E0072F26D /* User.swift in Sources */,
				921278942C3CAF5700D9C4E6 /* LoginViewModel.swift in Sources */,
				92AF69B92C46E76600AEF5BF /* SignUpView.swift in Sources */,
				929CB0542C3EBA69008200BE /* SignUpViewController.swift in Sources */,
				920429392C3CAC2900A98BDD /* SceneDelegate.swift in Sources */,
				92AF69BB2C46E9EC00AEF5BF /* SignUpViewModel.swift in Sources */,
				92A707622C3D88D10072F26D /* Extensions.swift in Sources */,
			);
			runOnlyForDeploymentPostprocessing = 0;
		};
/* End PBXSourcesBuildPhase section */

/* Begin PBXVariantGroup section */
		920429412C3CAC2A00A98BDD /* LaunchScreen.storyboard */ = {
			isa = PBXVariantGroup;
			children = (
				920429422C3CAC2A00A98BDD /* Base */,
			);
			name = LaunchScreen.storyboard;
			sourceTree = "<group>";
		};
/* End PBXVariantGroup section */

/* Begin XCBuildConfiguration section */
		920429452C3CAC2A00A98BDD /* Debug */ = {
			isa = XCBuildConfiguration;
			buildSettings = {
				ALWAYS_SEARCH_USER_PATHS = NO;
				ASSETCATALOG_COMPILER_GENERATE_SWIFT_ASSET_SYMBOL_EXTENSIONS = YES;
				CLANG_ANALYZER_NONNULL = YES;
				CLANG_ANALYZER_NUMBER_OBJECT_CONVERSION = YES_AGGRESSIVE;
				CLANG_CXX_LANGUAGE_STANDARD = "gnu++20";
				CLANG_ENABLE_MODULES = YES;
				CLANG_ENABLE_OBJC_ARC = YES;
				CLANG_ENABLE_OBJC_WEAK = YES;
				CLANG_WARN_BLOCK_CAPTURE_AUTORELEASING = YES;
				CLANG_WARN_BOOL_CONVERSION = YES;
				CLANG_WARN_COMMA = YES;
				CLANG_WARN_CONSTANT_CONVERSION = YES;
				CLANG_WARN_DEPRECATED_OBJC_IMPLEMENTATIONS = YES;
				CLANG_WARN_DIRECT_OBJC_ISA_USAGE = YES_ERROR;
				CLANG_WARN_DOCUMENTATION_COMMENTS = YES;
				CLANG_WARN_EMPTY_BODY = YES;
				CLANG_WARN_ENUM_CONVERSION = YES;
				CLANG_WARN_INFINITE_RECURSION = YES;
				CLANG_WARN_INT_CONVERSION = YES;
				CLANG_WARN_NON_LITERAL_NULL_CONVERSION = YES;
				CLANG_WARN_OBJC_IMPLICIT_RETAIN_SELF = YES;
				CLANG_WARN_OBJC_LITERAL_CONVERSION = YES;
				CLANG_WARN_OBJC_ROOT_CLASS = YES_ERROR;
				CLANG_WARN_QUOTED_INCLUDE_IN_FRAMEWORK_HEADER = YES;
				CLANG_WARN_RANGE_LOOP_ANALYSIS = YES;
				CLANG_WARN_STRICT_PROTOTYPES = YES;
				CLANG_WARN_SUSPICIOUS_MOVE = YES;
				CLANG_WARN_UNGUARDED_AVAILABILITY = YES_AGGRESSIVE;
				CLANG_WARN_UNREACHABLE_CODE = YES;
				CLANG_WARN__DUPLICATE_METHOD_MATCH = YES;
				COPY_PHASE_STRIP = NO;
				DEBUG_INFORMATION_FORMAT = dwarf;
				ENABLE_STRICT_OBJC_MSGSEND = YES;
				ENABLE_TESTABILITY = YES;
				ENABLE_USER_SCRIPT_SANDBOXING = YES;
				GCC_C_LANGUAGE_STANDARD = gnu17;
				GCC_DYNAMIC_NO_PIC = NO;
				GCC_NO_COMMON_BLOCKS = YES;
				GCC_OPTIMIZATION_LEVEL = 0;
				GCC_PREPROCESSOR_DEFINITIONS = (
					"DEBUG=1",
					"$(inherited)",
				);
				GCC_WARN_64_TO_32_BIT_CONVERSION = YES;
				GCC_WARN_ABOUT_RETURN_TYPE = YES_ERROR;
				GCC_WARN_UNDECLARED_SELECTOR = YES;
				GCC_WARN_UNINITIALIZED_AUTOS = YES_AGGRESSIVE;
				GCC_WARN_UNUSED_FUNCTION = YES;
				GCC_WARN_UNUSED_VARIABLE = YES;
				IPHONEOS_DEPLOYMENT_TARGET = 17.0;
				LOCALIZATION_PREFERS_STRING_CATALOGS = YES;
				MTL_ENABLE_DEBUG_INFO = INCLUDE_SOURCE;
				MTL_FAST_MATH = YES;
				ONLY_ACTIVE_ARCH = YES;
				SDKROOT = iphoneos;
				SWIFT_ACTIVE_COMPILATION_CONDITIONS = "DEBUG $(inherited)";
				SWIFT_OPTIMIZATION_LEVEL = "-Onone";
			};
			name = Debug;
		};
		920429462C3CAC2A00A98BDD /* Release */ = {
			isa = XCBuildConfiguration;
			buildSettings = {
				ALWAYS_SEARCH_USER_PATHS = NO;
				ASSETCATALOG_COMPILER_GENERATE_SWIFT_ASSET_SYMBOL_EXTENSIONS = YES;
				CLANG_ANALYZER_NONNULL = YES;
				CLANG_ANALYZER_NUMBER_OBJECT_CONVERSION = YES_AGGRESSIVE;
				CLANG_CXX_LANGUAGE_STANDARD = "gnu++20";
				CLANG_ENABLE_MODULES = YES;
				CLANG_ENABLE_OBJC_ARC = YES;
				CLANG_ENABLE_OBJC_WEAK = YES;
				CLANG_WARN_BLOCK_CAPTURE_AUTORELEASING = YES;
				CLANG_WARN_BOOL_CONVERSION = YES;
				CLANG_WARN_COMMA = YES;
				CLANG_WARN_CONSTANT_CONVERSION = YES;
				CLANG_WARN_DEPRECATED_OBJC_IMPLEMENTATIONS = YES;
				CLANG_WARN_DIRECT_OBJC_ISA_USAGE = YES_ERROR;
				CLANG_WARN_DOCUMENTATION_COMMENTS = YES;
				CLANG_WARN_EMPTY_BODY = YES;
				CLANG_WARN_ENUM_CONVERSION = YES;
				CLANG_WARN_INFINITE_RECURSION = YES;
				CLANG_WARN_INT_CONVERSION = YES;
				CLANG_WARN_NON_LITERAL_NULL_CONVERSION = YES;
				CLANG_WARN_OBJC_IMPLICIT_RETAIN_SELF = YES;
				CLANG_WARN_OBJC_LITERAL_CONVERSION = YES;
				CLANG_WARN_OBJC_ROOT_CLASS = YES_ERROR;
				CLANG_WARN_QUOTED_INCLUDE_IN_FRAMEWORK_HEADER = YES;
				CLANG_WARN_RANGE_LOOP_ANALYSIS = YES;
				CLANG_WARN_STRICT_PROTOTYPES = YES;
				CLANG_WARN_SUSPICIOUS_MOVE = YES;
				CLANG_WARN_UNGUARDED_AVAILABILITY = YES_AGGRESSIVE;
				CLANG_WARN_UNREACHABLE_CODE = YES;
				CLANG_WARN__DUPLICATE_METHOD_MATCH = YES;
				COPY_PHASE_STRIP = NO;
				DEBUG_INFORMATION_FORMAT = "dwarf-with-dsym";
				ENABLE_NS_ASSERTIONS = NO;
				ENABLE_STRICT_OBJC_MSGSEND = YES;
				ENABLE_USER_SCRIPT_SANDBOXING = YES;
				GCC_C_LANGUAGE_STANDARD = gnu17;
				GCC_NO_COMMON_BLOCKS = YES;
				GCC_WARN_64_TO_32_BIT_CONVERSION = YES;
				GCC_WARN_ABOUT_RETURN_TYPE = YES_ERROR;
				GCC_WARN_UNDECLARED_SELECTOR = YES;
				GCC_WARN_UNINITIALIZED_AUTOS = YES_AGGRESSIVE;
				GCC_WARN_UNUSED_FUNCTION = YES;
				GCC_WARN_UNUSED_VARIABLE = YES;
				IPHONEOS_DEPLOYMENT_TARGET = 17.0;
				LOCALIZATION_PREFERS_STRING_CATALOGS = YES;
				MTL_ENABLE_DEBUG_INFO = NO;
				MTL_FAST_MATH = YES;
				SDKROOT = iphoneos;
				SWIFT_COMPILATION_MODE = wholemodule;
				VALIDATE_PRODUCT = YES;
			};
			name = Release;
		};
		920429482C3CAC2A00A98BDD /* Debug */ = {
			isa = XCBuildConfiguration;
			buildSettings = {
				ASSETCATALOG_COMPILER_APPICON_NAME = AppIcon;
				ASSETCATALOG_COMPILER_GLOBAL_ACCENT_COLOR_NAME = AccentColor;
				CODE_SIGN_STYLE = Automatic;
				CURRENT_PROJECT_VERSION = 1;
				DEVELOPMENT_TEAM = 57HYQW6DAG;
				GENERATE_INFOPLIST_FILE = YES;
				INFOPLIST_FILE = Login/Resources/Info.plist;
				INFOPLIST_KEY_UIApplicationSupportsIndirectInputEvents = YES;
				INFOPLIST_KEY_UILaunchStoryboardName = LaunchScreen;
				INFOPLIST_KEY_UISupportedInterfaceOrientations_iPad = "UIInterfaceOrientationPortrait UIInterfaceOrientationPortraitUpsideDown UIInterfaceOrientationLandscapeLeft UIInterfaceOrientationLandscapeRight";
				INFOPLIST_KEY_UISupportedInterfaceOrientations_iPhone = "UIInterfaceOrientationPortrait UIInterfaceOrientationLandscapeLeft UIInterfaceOrientationLandscapeRight";
				LD_RUNPATH_SEARCH_PATHS = (
					"$(inherited)",
					"@executable_path/Frameworks",
				);
				MARKETING_VERSION = 1.0;
				PRODUCT_BUNDLE_IDENTIFIER = com.diggosilva.Login;
				PRODUCT_NAME = "$(TARGET_NAME)";
				SWIFT_EMIT_LOC_STRINGS = YES;
				SWIFT_VERSION = 5.0;
				TARGETED_DEVICE_FAMILY = "1,2";
			};
			name = Debug;
		};
		920429492C3CAC2A00A98BDD /* Release */ = {
			isa = XCBuildConfiguration;
			buildSettings = {
				ASSETCATALOG_COMPILER_APPICON_NAME = AppIcon;
				ASSETCATALOG_COMPILER_GLOBAL_ACCENT_COLOR_NAME = AccentColor;
				CODE_SIGN_STYLE = Automatic;
				CURRENT_PROJECT_VERSION = 1;
				DEVELOPMENT_TEAM = 57HYQW6DAG;
				GENERATE_INFOPLIST_FILE = YES;
				INFOPLIST_FILE = Login/Resources/Info.plist;
				INFOPLIST_KEY_UIApplicationSupportsIndirectInputEvents = YES;
				INFOPLIST_KEY_UILaunchStoryboardName = LaunchScreen;
				INFOPLIST_KEY_UISupportedInterfaceOrientations_iPad = "UIInterfaceOrientationPortrait UIInterfaceOrientationPortraitUpsideDown UIInterfaceOrientationLandscapeLeft UIInterfaceOrientationLandscapeRight";
				INFOPLIST_KEY_UISupportedInterfaceOrientations_iPhone = "UIInterfaceOrientationPortrait UIInterfaceOrientationLandscapeLeft UIInterfaceOrientationLandscapeRight";
				LD_RUNPATH_SEARCH_PATHS = (
					"$(inherited)",
					"@executable_path/Frameworks",
				);
				MARKETING_VERSION = 1.0;
				PRODUCT_BUNDLE_IDENTIFIER = com.diggosilva.Login;
				PRODUCT_NAME = "$(TARGET_NAME)";
				SWIFT_EMIT_LOC_STRINGS = YES;
				SWIFT_VERSION = 5.0;
				TARGETED_DEVICE_FAMILY = "1,2";
			};
			name = Release;
		};
/* End XCBuildConfiguration section */

/* Begin XCConfigurationList section */
		9204292E2C3CAC2900A98BDD /* Build configuration list for PBXProject "Login" */ = {
			isa = XCConfigurationList;
			buildConfigurations = (
				920429452C3CAC2A00A98BDD /* Debug */,
				920429462C3CAC2A00A98BDD /* Release */,
			);
			defaultConfigurationIsVisible = 0;
			defaultConfigurationName = Release;
		};
		920429472C3CAC2A00A98BDD /* Build configuration list for PBXNativeTarget "Login" */ = {
			isa = XCConfigurationList;
			buildConfigurations = (
				920429482C3CAC2A00A98BDD /* Debug */,
				920429492C3CAC2A00A98BDD /* Release */,
			);
			defaultConfigurationIsVisible = 0;
			defaultConfigurationName = Release;
		};
/* End XCConfigurationList section */
	};
	rootObject = 9204292B2C3CAC2900A98BDD /* Project object */;
}
